// !$*UTF8*$!
{
	archiveVersion = 1;
	classes = {
	};
	objectVersion = 56;
	objects = {

/* Begin PBXBuildFile section */
		4C5FD3A02AD9791700029F4C /* AppDelegate.swift in Sources */ = {isa = PBXBuildFile; fileRef = 4C5FD39F2AD9791700029F4C /* AppDelegate.swift */; };
		4C5FD3A22AD9791700029F4C /* SceneDelegate.swift in Sources */ = {isa = PBXBuildFile; fileRef = 4C5FD3A12AD9791700029F4C /* SceneDelegate.swift */; };
		4C5FD3A42AD9791700029F4C /* MainViewController.swift in Sources */ = {isa = PBXBuildFile; fileRef = 4C5FD3A32AD9791700029F4C /* MainViewController.swift */; };
		4C5FD3A92AD9791800029F4C /* Assets.xcassets in Resources */ = {isa = PBXBuildFile; fileRef = 4C5FD3A82AD9791800029F4C /* Assets.xcassets */; };
		4C5FD3AC2AD9791800029F4C /* LaunchScreen.storyboard in Resources */ = {isa = PBXBuildFile; fileRef = 4C5FD3AA2AD9791800029F4C /* LaunchScreen.storyboard */; };
		4C5FD3B72AD9791800029F4C /* usket_RandomUserTests.swift in Sources */ = {isa = PBXBuildFile; fileRef = 4C5FD3B62AD9791800029F4C /* usket_RandomUserTests.swift */; };
		4C5FD3C12AD9791800029F4C /* usket_RandomUserUITests.swift in Sources */ = {isa = PBXBuildFile; fileRef = 4C5FD3C02AD9791800029F4C /* usket_RandomUserUITests.swift */; };
		4C5FD3C32AD9791800029F4C /* usket_RandomUserUITestsLaunchTests.swift in Sources */ = {isa = PBXBuildFile; fileRef = 4C5FD3C22AD9791800029F4C /* usket_RandomUserUITestsLaunchTests.swift */; };
		4C5FD3D42AD97C0800029F4C /* ReactorKit in Frameworks */ = {isa = PBXBuildFile; productRef = 4C5FD3D32AD97C0800029F4C /* ReactorKit */; };
		4C5FD3D72AD97C2500029F4C /* Differentiator in Frameworks */ = {isa = PBXBuildFile; productRef = 4C5FD3D62AD97C2500029F4C /* Differentiator */; };
		4C5FD3D92AD97C2500029F4C /* RxDataSources in Frameworks */ = {isa = PBXBuildFile; productRef = 4C5FD3D82AD97C2500029F4C /* RxDataSources */; };
		4C5FD3DF2AD97CCA00029F4C /* RxAlamofire in Frameworks */ = {isa = PBXBuildFile; productRef = 4C5FD3DE2AD97CCA00029F4C /* RxAlamofire */; };
		4C5FD3E22AD97D5F00029F4C /* SnapKit in Frameworks */ = {isa = PBXBuildFile; productRef = 4C5FD3E12AD97D5F00029F4C /* SnapKit */; };
		4C5FD3E72ADE7D2B00029F4C /* DetailViewController.swift in Sources */ = {isa = PBXBuildFile; fileRef = 4C5FD3E62ADE7D2B00029F4C /* DetailViewController.swift */; };
		4C5FD3E92ADE7D3B00029F4C /* MainReactor.swift in Sources */ = {isa = PBXBuildFile; fileRef = 4C5FD3E82ADE7D3B00029F4C /* MainReactor.swift */; };
		4C5FD3F12ADE93E200029F4C /* PersonInfoDetail.swift in Sources */ = {isa = PBXBuildFile; fileRef = 4C5FD3F02ADE93E200029F4C /* PersonInfoDetail.swift */; };
		4C5FD3F32ADE971900029F4C /* RandomUserService.swift in Sources */ = {isa = PBXBuildFile; fileRef = 4C5FD3F22ADE971900029F4C /* RandomUserService.swift */; };
		4C5FD3F72ADE988700029F4C /* RandomUser.swift in Sources */ = {isa = PBXBuildFile; fileRef = 4C5FD3F62ADE988700029F4C /* RandomUser.swift */; };
		4C5FD3FB2ADEA00800029F4C /* RandomUserEndPoint.swift in Sources */ = {isa = PBXBuildFile; fileRef = 4C5FD3FA2ADEA00800029F4C /* RandomUserEndPoint.swift */; };
		4C5FD4042AE01A8D00029F4C /* MainCollectionViewCell.swift in Sources */ = {isa = PBXBuildFile; fileRef = 4C5FD4032AE01A8D00029F4C /* MainCollectionViewCell.swift */; };
		4C5FD40A2AE01C0D00029F4C /* UIImageView+Extension.swift in Sources */ = {isa = PBXBuildFile; fileRef = 4C5FD4092AE01C0D00029F4C /* UIImageView+Extension.swift */; };
		4C5FD40D2AE01EF600029F4C /* MainCellReactor.swift in Sources */ = {isa = PBXBuildFile; fileRef = 4C5FD40C2AE01EF600029F4C /* MainCellReactor.swift */; };
		4C5FD4102AE037EF00029F4C /* MainSectionModel.swift in Sources */ = {isa = PBXBuildFile; fileRef = 4C5FD40F2AE037EF00029F4C /* MainSectionModel.swift */; };
		4C5FD4172AFA4F6400029F4C /* SectionHeaderView.swift in Sources */ = {isa = PBXBuildFile; fileRef = 4C5FD4162AFA4F6400029F4C /* SectionHeaderView.swift */; };
		4C5FD4192AFA574B00029F4C /* DetailReactor.swift in Sources */ = {isa = PBXBuildFile; fileRef = 4C5FD4182AFA574B00029F4C /* DetailReactor.swift */; };
		4C5FD41D2AFA5B8E00029F4C /* DetailCellReactor.swift in Sources */ = {isa = PBXBuildFile; fileRef = 4C5FD41C2AFA5B8E00029F4C /* DetailCellReactor.swift */; };
		4C5FD41F2AFA62D400029F4C /* DetailSectionModel.swift in Sources */ = {isa = PBXBuildFile; fileRef = 4C5FD41E2AFA62D400029F4C /* DetailSectionModel.swift */; };
		4C5FD4212AFA731900029F4C /* DetailTableViewCell.swift in Sources */ = {isa = PBXBuildFile; fileRef = 4C5FD4202AFA731900029F4C /* DetailTableViewCell.swift */; };
/* End PBXBuildFile section */

/* Begin PBXContainerItemProxy section */
		4C5FD3B32AD9791800029F4C /* PBXContainerItemProxy */ = {
			isa = PBXContainerItemProxy;
			containerPortal = 4C5FD3942AD9791700029F4C /* Project object */;
			proxyType = 1;
			remoteGlobalIDString = 4C5FD39B2AD9791700029F4C;
			remoteInfo = usket.RandomUser;
		};
		4C5FD3BD2AD9791800029F4C /* PBXContainerItemProxy */ = {
			isa = PBXContainerItemProxy;
			containerPortal = 4C5FD3942AD9791700029F4C /* Project object */;
			proxyType = 1;
			remoteGlobalIDString = 4C5FD39B2AD9791700029F4C;
			remoteInfo = usket.RandomUser;
		};
/* End PBXContainerItemProxy section */

/* Begin PBXFileReference section */
		4C5FD39C2AD9791700029F4C /* usket.RandomUser.app */ = {isa = PBXFileReference; explicitFileType = wrapper.application; includeInIndex = 0; path = usket.RandomUser.app; sourceTree = BUILT_PRODUCTS_DIR; };
		4C5FD39F2AD9791700029F4C /* AppDelegate.swift */ = {isa = PBXFileReference; lastKnownFileType = sourcecode.swift; path = AppDelegate.swift; sourceTree = "<group>"; };
		4C5FD3A12AD9791700029F4C /* SceneDelegate.swift */ = {isa = PBXFileReference; lastKnownFileType = sourcecode.swift; path = SceneDelegate.swift; sourceTree = "<group>"; };
		4C5FD3A32AD9791700029F4C /* MainViewController.swift */ = {isa = PBXFileReference; lastKnownFileType = sourcecode.swift; path = MainViewController.swift; sourceTree = "<group>"; };
		4C5FD3A82AD9791800029F4C /* Assets.xcassets */ = {isa = PBXFileReference; lastKnownFileType = folder.assetcatalog; path = Assets.xcassets; sourceTree = "<group>"; };
		4C5FD3AB2AD9791800029F4C /* Base */ = {isa = PBXFileReference; lastKnownFileType = file.storyboard; name = Base; path = Base.lproj/LaunchScreen.storyboard; sourceTree = "<group>"; };
		4C5FD3AD2AD9791800029F4C /* Info.plist */ = {isa = PBXFileReference; lastKnownFileType = text.plist.xml; path = Info.plist; sourceTree = "<group>"; };
		4C5FD3B22AD9791800029F4C /* usket.RandomUserTests.xctest */ = {isa = PBXFileReference; explicitFileType = wrapper.cfbundle; includeInIndex = 0; path = usket.RandomUserTests.xctest; sourceTree = BUILT_PRODUCTS_DIR; };
		4C5FD3B62AD9791800029F4C /* usket_RandomUserTests.swift */ = {isa = PBXFileReference; lastKnownFileType = sourcecode.swift; path = usket_RandomUserTests.swift; sourceTree = "<group>"; };
		4C5FD3BC2AD9791800029F4C /* usket.RandomUserUITests.xctest */ = {isa = PBXFileReference; explicitFileType = wrapper.cfbundle; includeInIndex = 0; path = usket.RandomUserUITests.xctest; sourceTree = BUILT_PRODUCTS_DIR; };
		4C5FD3C02AD9791800029F4C /* usket_RandomUserUITests.swift */ = {isa = PBXFileReference; lastKnownFileType = sourcecode.swift; path = usket_RandomUserUITests.swift; sourceTree = "<group>"; };
		4C5FD3C22AD9791800029F4C /* usket_RandomUserUITestsLaunchTests.swift */ = {isa = PBXFileReference; lastKnownFileType = sourcecode.swift; path = usket_RandomUserUITestsLaunchTests.swift; sourceTree = "<group>"; };
		4C5FD3E62ADE7D2B00029F4C /* DetailViewController.swift */ = {isa = PBXFileReference; lastKnownFileType = sourcecode.swift; path = DetailViewController.swift; sourceTree = "<group>"; };
		4C5FD3E82ADE7D3B00029F4C /* MainReactor.swift */ = {isa = PBXFileReference; lastKnownFileType = sourcecode.swift; path = MainReactor.swift; sourceTree = "<group>"; };
		4C5FD3F02ADE93E200029F4C /* PersonInfoDetail.swift */ = {isa = PBXFileReference; lastKnownFileType = sourcecode.swift; path = PersonInfoDetail.swift; sourceTree = "<group>"; };
		4C5FD3F22ADE971900029F4C /* RandomUserService.swift */ = {isa = PBXFileReference; lastKnownFileType = sourcecode.swift; path = RandomUserService.swift; sourceTree = "<group>"; };
		4C5FD3F62ADE988700029F4C /* RandomUser.swift */ = {isa = PBXFileReference; lastKnownFileType = sourcecode.swift; path = RandomUser.swift; sourceTree = "<group>"; };
		4C5FD3FA2ADEA00800029F4C /* RandomUserEndPoint.swift */ = {isa = PBXFileReference; lastKnownFileType = sourcecode.swift; path = RandomUserEndPoint.swift; sourceTree = "<group>"; };
		4C5FD4032AE01A8D00029F4C /* MainCollectionViewCell.swift */ = {isa = PBXFileReference; lastKnownFileType = sourcecode.swift; path = MainCollectionViewCell.swift; sourceTree = "<group>"; };
		4C5FD4092AE01C0D00029F4C /* UIImageView+Extension.swift */ = {isa = PBXFileReference; lastKnownFileType = sourcecode.swift; path = "UIImageView+Extension.swift"; sourceTree = "<group>"; };
		4C5FD40C2AE01EF600029F4C /* MainCellReactor.swift */ = {isa = PBXFileReference; lastKnownFileType = sourcecode.swift; path = MainCellReactor.swift; sourceTree = "<group>"; };
		4C5FD40F2AE037EF00029F4C /* MainSectionModel.swift */ = {isa = PBXFileReference; lastKnownFileType = sourcecode.swift; path = MainSectionModel.swift; sourceTree = "<group>"; };
		4C5FD4162AFA4F6400029F4C /* SectionHeaderView.swift */ = {isa = PBXFileReference; lastKnownFileType = sourcecode.swift; path = SectionHeaderView.swift; sourceTree = "<group>"; };
		4C5FD4182AFA574B00029F4C /* DetailReactor.swift */ = {isa = PBXFileReference; lastKnownFileType = sourcecode.swift; path = DetailReactor.swift; sourceTree = "<group>"; };
		4C5FD41C2AFA5B8E00029F4C /* DetailCellReactor.swift */ = {isa = PBXFileReference; lastKnownFileType = sourcecode.swift; path = DetailCellReactor.swift; sourceTree = "<group>"; };
		4C5FD41E2AFA62D400029F4C /* DetailSectionModel.swift */ = {isa = PBXFileReference; lastKnownFileType = sourcecode.swift; path = DetailSectionModel.swift; sourceTree = "<group>"; };
		4C5FD4202AFA731900029F4C /* DetailTableViewCell.swift */ = {isa = PBXFileReference; lastKnownFileType = sourcecode.swift; path = DetailTableViewCell.swift; sourceTree = "<group>"; };
/* End PBXFileReference section */

/* Begin PBXFrameworksBuildPhase section */
		4C5FD3992AD9791700029F4C /* Frameworks */ = {
			isa = PBXFrameworksBuildPhase;
			buildActionMask = 2147483647;
			files = (
				4C5FD3D92AD97C2500029F4C /* RxDataSources in Frameworks */,
				4C5FD3DF2AD97CCA00029F4C /* RxAlamofire in Frameworks */,
				4C5FD3D72AD97C2500029F4C /* Differentiator in Frameworks */,
				4C5FD3D42AD97C0800029F4C /* ReactorKit in Frameworks */,
				4C5FD3E22AD97D5F00029F4C /* SnapKit in Frameworks */,
			);
			runOnlyForDeploymentPostprocessing = 0;
		};
		4C5FD3AF2AD9791800029F4C /* Frameworks */ = {
			isa = PBXFrameworksBuildPhase;
			buildActionMask = 2147483647;
			files = (
			);
			runOnlyForDeploymentPostprocessing = 0;
		};
		4C5FD3B92AD9791800029F4C /* Frameworks */ = {
			isa = PBXFrameworksBuildPhase;
			buildActionMask = 2147483647;
			files = (
			);
			runOnlyForDeploymentPostprocessing = 0;
		};
/* End PBXFrameworksBuildPhase section */

/* Begin PBXGroup section */
		4C5FD3932AD9791700029F4C = {
			isa = PBXGroup;
			children = (
				4C5FD39E2AD9791700029F4C /* usket.RandomUser */,
				4C5FD3B52AD9791800029F4C /* usket.RandomUserTests */,
				4C5FD3BF2AD9791800029F4C /* usket.RandomUserUITests */,
				4C5FD39D2AD9791700029F4C /* Products */,
			);
			sourceTree = "<group>";
		};
		4C5FD39D2AD9791700029F4C /* Products */ = {
			isa = PBXGroup;
			children = (
				4C5FD39C2AD9791700029F4C /* usket.RandomUser.app */,
				4C5FD3B22AD9791800029F4C /* usket.RandomUserTests.xctest */,
				4C5FD3BC2AD9791800029F4C /* usket.RandomUserUITests.xctest */,
			);
			name = Products;
			sourceTree = "<group>";
		};
		4C5FD39E2AD9791700029F4C /* usket.RandomUser */ = {
			isa = PBXGroup;
			children = (
				4C5FD3AD2AD9791800029F4C /* Info.plist */,
				4C5FD3CF2AD979E800029F4C /* Application */,
				4C5FD3D02AD97A0200029F4C /* RandomUser */,
			);
			path = usket.RandomUser;
			sourceTree = "<group>";
		};
		4C5FD3B52AD9791800029F4C /* usket.RandomUserTests */ = {
			isa = PBXGroup;
			children = (
				4C5FD3B62AD9791800029F4C /* usket_RandomUserTests.swift */,
			);
			path = usket.RandomUserTests;
			sourceTree = "<group>";
		};
		4C5FD3BF2AD9791800029F4C /* usket.RandomUserUITests */ = {
			isa = PBXGroup;
			children = (
				4C5FD3C02AD9791800029F4C /* usket_RandomUserUITests.swift */,
				4C5FD3C22AD9791800029F4C /* usket_RandomUserUITestsLaunchTests.swift */,
			);
			path = usket.RandomUserUITests;
			sourceTree = "<group>";
		};
		4C5FD3CF2AD979E800029F4C /* Application */ = {
			isa = PBXGroup;
			children = (
				4C5FD39F2AD9791700029F4C /* AppDelegate.swift */,
				4C5FD3A12AD9791700029F4C /* SceneDelegate.swift */,
				4C5FD3AA2AD9791800029F4C /* LaunchScreen.storyboard */,
				4C5FD3A82AD9791800029F4C /* Assets.xcassets */,
			);
			path = Application;
			sourceTree = "<group>";
		};
		4C5FD3D02AD97A0200029F4C /* RandomUser */ = {
			isa = PBXGroup;
			children = (
				4C5FD3D12AD97A0D00029F4C /* View */,
				4C5FD3E32ADE7C0E00029F4C /* Reactor */,
				4C5FD3EE2ADE7D5700029F4C /* Model */,
				4C5FD3EF2ADE7D5F00029F4C /* Service */,
				4C5FD3F82ADE9FEE00029F4C /* Utils */,
			);
			path = RandomUser;
			sourceTree = "<group>";
		};
		4C5FD3D12AD97A0D00029F4C /* View */ = {
			isa = PBXGroup;
			children = (
				4C5FD3A32AD9791700029F4C /* MainViewController.swift */,
				4C5FD4162AFA4F6400029F4C /* SectionHeaderView.swift */,
				4C5FD3E62ADE7D2B00029F4C /* DetailViewController.swift */,
				4C5FD4022AE01A7F00029F4C /* Cell */,
			);
			path = View;
			sourceTree = "<group>";
		};
		4C5FD3E32ADE7C0E00029F4C /* Reactor */ = {
			isa = PBXGroup;
			children = (
				4C5FD41A2AFA5B7700029F4C /* Main */,
				4C5FD41B2AFA5B7E00029F4C /* Detail */,
			);
			path = Reactor;
			sourceTree = "<group>";
		};
		4C5FD3EE2ADE7D5700029F4C /* Model */ = {
			isa = PBXGroup;
			children = (
				4C5FD3F42ADE986600029F4C /* Local */,
				4C5FD3F52ADE987300029F4C /* Remote */,
				4C5FD40E2AE01FE700029F4C /* SectionModel */,
			);
			path = Model;
			sourceTree = "<group>";
		};
		4C5FD3EF2ADE7D5F00029F4C /* Service */ = {
			isa = PBXGroup;
			children = (
				4C5FD3F22ADE971900029F4C /* RandomUserService.swift */,
			);
			path = Service;
			sourceTree = "<group>";
		};
		4C5FD3F42ADE986600029F4C /* Local */ = {
			isa = PBXGroup;
			children = (
				4C5FD3F02ADE93E200029F4C /* PersonInfoDetail.swift */,
			);
			path = Local;
			sourceTree = "<group>";
		};
		4C5FD3F52ADE987300029F4C /* Remote */ = {
			isa = PBXGroup;
			children = (
				4C5FD3F62ADE988700029F4C /* RandomUser.swift */,
			);
			path = Remote;
			sourceTree = "<group>";
		};
		4C5FD3F82ADE9FEE00029F4C /* Utils */ = {
			isa = PBXGroup;
			children = (
				4C5FD3F92ADE9FF800029F4C /* Enums */,
				4C5FD4082AE01BFB00029F4C /* Extension */,
			);
			path = Utils;
			sourceTree = "<group>";
		};
		4C5FD3F92ADE9FF800029F4C /* Enums */ = {
			isa = PBXGroup;
			children = (
				4C5FD3FA2ADEA00800029F4C /* RandomUserEndPoint.swift */,
			);
			path = Enums;
			sourceTree = "<group>";
		};
		4C5FD4022AE01A7F00029F4C /* Cell */ = {
			isa = PBXGroup;
			children = (
				4C5FD4242AFA73C800029F4C /* Main */,
				4C5FD4252AFA73CF00029F4C /* Detail */,
			);
			path = Cell;
			sourceTree = "<group>";
		};
		4C5FD4082AE01BFB00029F4C /* Extension */ = {
			isa = PBXGroup;
			children = (
				4C5FD4092AE01C0D00029F4C /* UIImageView+Extension.swift */,
			);
			path = Extension;
			sourceTree = "<group>";
		};
		4C5FD40E2AE01FE700029F4C /* SectionModel */ = {
			isa = PBXGroup;
			children = (
				4C5FD40F2AE037EF00029F4C /* MainSectionModel.swift */,
				4C5FD41E2AFA62D400029F4C /* DetailSectionModel.swift */,
			);
			path = SectionModel;
			sourceTree = "<group>";
		};
		4C5FD41A2AFA5B7700029F4C /* Main */ = {
			isa = PBXGroup;
			children = (
				4C5FD3E82ADE7D3B00029F4C /* MainReactor.swift */,
				4C5FD40C2AE01EF600029F4C /* MainCellReactor.swift */,
			);
			path = Main;
			sourceTree = "<group>";
		};
		4C5FD41B2AFA5B7E00029F4C /* Detail */ = {
			isa = PBXGroup;
			children = (
				4C5FD4182AFA574B00029F4C /* DetailReactor.swift */,
				4C5FD41C2AFA5B8E00029F4C /* DetailCellReactor.swift */,
			);
			path = Detail;
			sourceTree = "<group>";
		};
		4C5FD4242AFA73C800029F4C /* Main */ = {
			isa = PBXGroup;
			children = (
				4C5FD4032AE01A8D00029F4C /* MainCollectionViewCell.swift */,
			);
			path = Main;
			sourceTree = "<group>";
		};
		4C5FD4252AFA73CF00029F4C /* Detail */ = {
			isa = PBXGroup;
			children = (
				4C5FD4202AFA731900029F4C /* DetailTableViewCell.swift */,
			);
			path = Detail;
			sourceTree = "<group>";
		};
/* End PBXGroup section */

/* Begin PBXNativeTarget section */
		4C5FD39B2AD9791700029F4C /* usket.RandomUser */ = {
			isa = PBXNativeTarget;
			buildConfigurationList = 4C5FD3C62AD9791800029F4C /* Build configuration list for PBXNativeTarget "usket.RandomUser" */;
			buildPhases = (
				4C5FD3982AD9791700029F4C /* Sources */,
				4C5FD3992AD9791700029F4C /* Frameworks */,
				4C5FD39A2AD9791700029F4C /* Resources */,
			);
			buildRules = (
			);
			dependencies = (
			);
			name = usket.RandomUser;
			packageProductDependencies = (
				4C5FD3D32AD97C0800029F4C /* ReactorKit */,
				4C5FD3D62AD97C2500029F4C /* Differentiator */,
				4C5FD3D82AD97C2500029F4C /* RxDataSources */,
				4C5FD3DE2AD97CCA00029F4C /* RxAlamofire */,
				4C5FD3E12AD97D5F00029F4C /* SnapKit */,
			);
			productName = usket.RandomUser;
			productReference = 4C5FD39C2AD9791700029F4C /* usket.RandomUser.app */;
			productType = "com.apple.product-type.application";
		};
		4C5FD3B12AD9791800029F4C /* usket.RandomUserTests */ = {
			isa = PBXNativeTarget;
			buildConfigurationList = 4C5FD3C92AD9791800029F4C /* Build configuration list for PBXNativeTarget "usket.RandomUserTests" */;
			buildPhases = (
				4C5FD3AE2AD9791800029F4C /* Sources */,
				4C5FD3AF2AD9791800029F4C /* Frameworks */,
				4C5FD3B02AD9791800029F4C /* Resources */,
			);
			buildRules = (
			);
			dependencies = (
				4C5FD3B42AD9791800029F4C /* PBXTargetDependency */,
			);
			name = usket.RandomUserTests;
			productName = usket.RandomUserTests;
			productReference = 4C5FD3B22AD9791800029F4C /* usket.RandomUserTests.xctest */;
			productType = "com.apple.product-type.bundle.unit-test";
		};
		4C5FD3BB2AD9791800029F4C /* usket.RandomUserUITests */ = {
			isa = PBXNativeTarget;
			buildConfigurationList = 4C5FD3CC2AD9791800029F4C /* Build configuration list for PBXNativeTarget "usket.RandomUserUITests" */;
			buildPhases = (
				4C5FD3B82AD9791800029F4C /* Sources */,
				4C5FD3B92AD9791800029F4C /* Frameworks */,
				4C5FD3BA2AD9791800029F4C /* Resources */,
			);
			buildRules = (
			);
			dependencies = (
				4C5FD3BE2AD9791800029F4C /* PBXTargetDependency */,
			);
			name = usket.RandomUserUITests;
			productName = usket.RandomUserUITests;
			productReference = 4C5FD3BC2AD9791800029F4C /* usket.RandomUserUITests.xctest */;
			productType = "com.apple.product-type.bundle.ui-testing";
		};
/* End PBXNativeTarget section */

/* Begin PBXProject section */
		4C5FD3942AD9791700029F4C /* Project object */ = {
			isa = PBXProject;
			attributes = {
				BuildIndependentTargetsInParallel = 1;
				LastSwiftUpdateCheck = 1430;
				LastUpgradeCheck = 1430;
				TargetAttributes = {
					4C5FD39B2AD9791700029F4C = {
						CreatedOnToolsVersion = 14.3.1;
					};
					4C5FD3B12AD9791800029F4C = {
						CreatedOnToolsVersion = 14.3.1;
						TestTargetID = 4C5FD39B2AD9791700029F4C;
					};
					4C5FD3BB2AD9791800029F4C = {
						CreatedOnToolsVersion = 14.3.1;
						TestTargetID = 4C5FD39B2AD9791700029F4C;
					};
				};
			};
			buildConfigurationList = 4C5FD3972AD9791700029F4C /* Build configuration list for PBXProject "usket.RandomUser" */;
			compatibilityVersion = "Xcode 14.0";
			developmentRegion = en;
			hasScannedForEncodings = 0;
			knownRegions = (
				en,
				Base,
			);
			mainGroup = 4C5FD3932AD9791700029F4C;
			packageReferences = (
				4C5FD3D22AD97C0800029F4C /* XCRemoteSwiftPackageReference "ReactorKit" */,
				4C5FD3D52AD97C2500029F4C /* XCRemoteSwiftPackageReference "RxDataSources" */,
				4C5FD3DD2AD97CCA00029F4C /* XCRemoteSwiftPackageReference "RxAlamofire" */,
				4C5FD3E02AD97D5F00029F4C /* XCRemoteSwiftPackageReference "SnapKit" */,
			);
			productRefGroup = 4C5FD39D2AD9791700029F4C /* Products */;
			projectDirPath = "";
			projectRoot = "";
			targets = (
				4C5FD39B2AD9791700029F4C /* usket.RandomUser */,
				4C5FD3B12AD9791800029F4C /* usket.RandomUserTests */,
				4C5FD3BB2AD9791800029F4C /* usket.RandomUserUITests */,
			);
		};
/* End PBXProject section */

/* Begin PBXResourcesBuildPhase section */
		4C5FD39A2AD9791700029F4C /* Resources */ = {
			isa = PBXResourcesBuildPhase;
			buildActionMask = 2147483647;
			files = (
				4C5FD3AC2AD9791800029F4C /* LaunchScreen.storyboard in Resources */,
				4C5FD3A92AD9791800029F4C /* Assets.xcassets in Resources */,
			);
			runOnlyForDeploymentPostprocessing = 0;
		};
		4C5FD3B02AD9791800029F4C /* Resources */ = {
			isa = PBXResourcesBuildPhase;
			buildActionMask = 2147483647;
			files = (
			);
			runOnlyForDeploymentPostprocessing = 0;
		};
		4C5FD3BA2AD9791800029F4C /* Resources */ = {
			isa = PBXResourcesBuildPhase;
			buildActionMask = 2147483647;
			files = (
			);
			runOnlyForDeploymentPostprocessing = 0;
		};
/* End PBXResourcesBuildPhase section */

/* Begin PBXSourcesBuildPhase section */
		4C5FD3982AD9791700029F4C /* Sources */ = {
			isa = PBXSourcesBuildPhase;
			buildActionMask = 2147483647;
			files = (
				4C5FD4212AFA731900029F4C /* DetailTableViewCell.swift in Sources */,
				4C5FD4042AE01A8D00029F4C /* MainCollectionViewCell.swift in Sources */,
				4C5FD41D2AFA5B8E00029F4C /* DetailCellReactor.swift in Sources */,
				4C5FD3E72ADE7D2B00029F4C /* DetailViewController.swift in Sources */,
				4C5FD3E92ADE7D3B00029F4C /* MainReactor.swift in Sources */,
				4C5FD3F32ADE971900029F4C /* RandomUserService.swift in Sources */,
				4C5FD3A42AD9791700029F4C /* MainViewController.swift in Sources */,
				4C5FD4102AE037EF00029F4C /* MainSectionModel.swift in Sources */,
				4C5FD3F72ADE988700029F4C /* RandomUser.swift in Sources */,
				4C5FD40D2AE01EF600029F4C /* MainCellReactor.swift in Sources */,
				4C5FD40A2AE01C0D00029F4C /* UIImageView+Extension.swift in Sources */,
				4C5FD3A02AD9791700029F4C /* AppDelegate.swift in Sources */,
				4C5FD4192AFA574B00029F4C /* DetailReactor.swift in Sources */,
				4C5FD3F12ADE93E200029F4C /* PersonInfoDetail.swift in Sources */,
				4C5FD4172AFA4F6400029F4C /* SectionHeaderView.swift in Sources */,
				4C5FD3A22AD9791700029F4C /* SceneDelegate.swift in Sources */,
				4C5FD3FB2ADEA00800029F4C /* RandomUserEndPoint.swift in Sources */,
				4C5FD41F2AFA62D400029F4C /* DetailSectionModel.swift in Sources */,
			);
			runOnlyForDeploymentPostprocessing = 0;
		};
		4C5FD3AE2AD9791800029F4C /* Sources */ = {
			isa = PBXSourcesBuildPhase;
			buildActionMask = 2147483647;
			files = (
				4C5FD3B72AD9791800029F4C /* usket_RandomUserTests.swift in Sources */,
			);
			runOnlyForDeploymentPostprocessing = 0;
		};
		4C5FD3B82AD9791800029F4C /* Sources */ = {
			isa = PBXSourcesBuildPhase;
			buildActionMask = 2147483647;
			files = (
				4C5FD3C12AD9791800029F4C /* usket_RandomUserUITests.swift in Sources */,
				4C5FD3C32AD9791800029F4C /* usket_RandomUserUITestsLaunchTests.swift in Sources */,
			);
			runOnlyForDeploymentPostprocessing = 0;
		};
/* End PBXSourcesBuildPhase section */

/* Begin PBXTargetDependency section */
		4C5FD3B42AD9791800029F4C /* PBXTargetDependency */ = {
			isa = PBXTargetDependency;
			target = 4C5FD39B2AD9791700029F4C /* usket.RandomUser */;
			targetProxy = 4C5FD3B32AD9791800029F4C /* PBXContainerItemProxy */;
		};
		4C5FD3BE2AD9791800029F4C /* PBXTargetDependency */ = {
			isa = PBXTargetDependency;
			target = 4C5FD39B2AD9791700029F4C /* usket.RandomUser */;
			targetProxy = 4C5FD3BD2AD9791800029F4C /* PBXContainerItemProxy */;
		};
/* End PBXTargetDependency section */

/* Begin PBXVariantGroup section */
		4C5FD3AA2AD9791800029F4C /* LaunchScreen.storyboard */ = {
			isa = PBXVariantGroup;
			children = (
				4C5FD3AB2AD9791800029F4C /* Base */,
			);
			name = LaunchScreen.storyboard;
			sourceTree = "<group>";
		};
/* End PBXVariantGroup section */

/* Begin XCBuildConfiguration section */
		4C5FD3C42AD9791800029F4C /* Debug */ = {
			isa = XCBuildConfiguration;
			buildSettings = {
				ALWAYS_SEARCH_USER_PATHS = NO;
				CLANG_ANALYZER_NONNULL = YES;
				CLANG_ANALYZER_NUMBER_OBJECT_CONVERSION = YES_AGGRESSIVE;
				CLANG_CXX_LANGUAGE_STANDARD = "gnu++20";
				CLANG_ENABLE_MODULES = YES;
				CLANG_ENABLE_OBJC_ARC = YES;
				CLANG_ENABLE_OBJC_WEAK = YES;
				CLANG_WARN_BLOCK_CAPTURE_AUTORELEASING = YES;
				CLANG_WARN_BOOL_CONVERSION = YES;
				CLANG_WARN_COMMA = YES;
				CLANG_WARN_CONSTANT_CONVERSION = YES;
				CLANG_WARN_DEPRECATED_OBJC_IMPLEMENTATIONS = YES;
				CLANG_WARN_DIRECT_OBJC_ISA_USAGE = YES_ERROR;
				CLANG_WARN_DOCUMENTATION_COMMENTS = YES;
				CLANG_WARN_EMPTY_BODY = YES;
				CLANG_WARN_ENUM_CONVERSION = YES;
				CLANG_WARN_INFINITE_RECURSION = YES;
				CLANG_WARN_INT_CONVERSION = YES;
				CLANG_WARN_NON_LITERAL_NULL_CONVERSION = YES;
				CLANG_WARN_OBJC_IMPLICIT_RETAIN_SELF = YES;
				CLANG_WARN_OBJC_LITERAL_CONVERSION = YES;
				CLANG_WARN_OBJC_ROOT_CLASS = YES_ERROR;
				CLANG_WARN_QUOTED_INCLUDE_IN_FRAMEWORK_HEADER = YES;
				CLANG_WARN_RANGE_LOOP_ANALYSIS = YES;
				CLANG_WARN_STRICT_PROTOTYPES = YES;
				CLANG_WARN_SUSPICIOUS_MOVE = YES;
				CLANG_WARN_UNGUARDED_AVAILABILITY = YES_AGGRESSIVE;
				CLANG_WARN_UNREACHABLE_CODE = YES;
				CLANG_WARN__DUPLICATE_METHOD_MATCH = YES;
				COPY_PHASE_STRIP = NO;
				DEBUG_INFORMATION_FORMAT = dwarf;
				ENABLE_STRICT_OBJC_MSGSEND = YES;
				ENABLE_TESTABILITY = YES;
				GCC_C_LANGUAGE_STANDARD = gnu11;
				GCC_DYNAMIC_NO_PIC = NO;
				GCC_NO_COMMON_BLOCKS = YES;
				GCC_OPTIMIZATION_LEVEL = 0;
				GCC_PREPROCESSOR_DEFINITIONS = (
					"DEBUG=1",
					"$(inherited)",
				);
				GCC_WARN_64_TO_32_BIT_CONVERSION = YES;
				GCC_WARN_ABOUT_RETURN_TYPE = YES_ERROR;
				GCC_WARN_UNDECLARED_SELECTOR = YES;
				GCC_WARN_UNINITIALIZED_AUTOS = YES_AGGRESSIVE;
				GCC_WARN_UNUSED_FUNCTION = YES;
				GCC_WARN_UNUSED_VARIABLE = YES;
				IPHONEOS_DEPLOYMENT_TARGET = 16.4;
				MTL_ENABLE_DEBUG_INFO = INCLUDE_SOURCE;
				MTL_FAST_MATH = YES;
				ONLY_ACTIVE_ARCH = YES;
				SDKROOT = iphoneos;
				SWIFT_ACTIVE_COMPILATION_CONDITIONS = DEBUG;
				SWIFT_OPTIMIZATION_LEVEL = "-Onone";
			};
			name = Debug;
		};
		4C5FD3C52AD9791800029F4C /* Release */ = {
			isa = XCBuildConfiguration;
			buildSettings = {
				ALWAYS_SEARCH_USER_PATHS = NO;
				CLANG_ANALYZER_NONNULL = YES;
				CLANG_ANALYZER_NUMBER_OBJECT_CONVERSION = YES_AGGRESSIVE;
				CLANG_CXX_LANGUAGE_STANDARD = "gnu++20";
				CLANG_ENABLE_MODULES = YES;
				CLANG_ENABLE_OBJC_ARC = YES;
				CLANG_ENABLE_OBJC_WEAK = YES;
				CLANG_WARN_BLOCK_CAPTURE_AUTORELEASING = YES;
				CLANG_WARN_BOOL_CONVERSION = YES;
				CLANG_WARN_COMMA = YES;
				CLANG_WARN_CONSTANT_CONVERSION = YES;
				CLANG_WARN_DEPRECATED_OBJC_IMPLEMENTATIONS = YES;
				CLANG_WARN_DIRECT_OBJC_ISA_USAGE = YES_ERROR;
				CLANG_WARN_DOCUMENTATION_COMMENTS = YES;
				CLANG_WARN_EMPTY_BODY = YES;
				CLANG_WARN_ENUM_CONVERSION = YES;
				CLANG_WARN_INFINITE_RECURSION = YES;
				CLANG_WARN_INT_CONVERSION = YES;
				CLANG_WARN_NON_LITERAL_NULL_CONVERSION = YES;
				CLANG_WARN_OBJC_IMPLICIT_RETAIN_SELF = YES;
				CLANG_WARN_OBJC_LITERAL_CONVERSION = YES;
				CLANG_WARN_OBJC_ROOT_CLASS = YES_ERROR;
				CLANG_WARN_QUOTED_INCLUDE_IN_FRAMEWORK_HEADER = YES;
				CLANG_WARN_RANGE_LOOP_ANALYSIS = YES;
				CLANG_WARN_STRICT_PROTOTYPES = YES;
				CLANG_WARN_SUSPICIOUS_MOVE = YES;
				CLANG_WARN_UNGUARDED_AVAILABILITY = YES_AGGRESSIVE;
				CLANG_WARN_UNREACHABLE_CODE = YES;
				CLANG_WARN__DUPLICATE_METHOD_MATCH = YES;
				COPY_PHASE_STRIP = NO;
				DEBUG_INFORMATION_FORMAT = "dwarf-with-dsym";
				ENABLE_NS_ASSERTIONS = NO;
				ENABLE_STRICT_OBJC_MSGSEND = YES;
				GCC_C_LANGUAGE_STANDARD = gnu11;
				GCC_NO_COMMON_BLOCKS = YES;
				GCC_WARN_64_TO_32_BIT_CONVERSION = YES;
				GCC_WARN_ABOUT_RETURN_TYPE = YES_ERROR;
				GCC_WARN_UNDECLARED_SELECTOR = YES;
				GCC_WARN_UNINITIALIZED_AUTOS = YES_AGGRESSIVE;
				GCC_WARN_UNUSED_FUNCTION = YES;
				GCC_WARN_UNUSED_VARIABLE = YES;
				IPHONEOS_DEPLOYMENT_TARGET = 16.4;
				MTL_ENABLE_DEBUG_INFO = NO;
				MTL_FAST_MATH = YES;
				SDKROOT = iphoneos;
				SWIFT_COMPILATION_MODE = wholemodule;
				SWIFT_OPTIMIZATION_LEVEL = "-O";
				VALIDATE_PRODUCT = YES;
			};
			name = Release;
		};
		4C5FD3C72AD9791800029F4C /* Debug */ = {
			isa = XCBuildConfiguration;
			buildSettings = {
				ASSETCATALOG_COMPILER_APPICON_NAME = AppIcon;
				ASSETCATALOG_COMPILER_GLOBAL_ACCENT_COLOR_NAME = AccentColor;
				CODE_SIGN_IDENTITY = "Apple Development";
				CODE_SIGN_STYLE = Automatic;
				CURRENT_PROJECT_VERSION = 1;
				DEVELOPMENT_TEAM = 46QF7GBZH7;
				GENERATE_INFOPLIST_FILE = YES;
				INFOPLIST_FILE = usket.RandomUser/Info.plist;
				INFOPLIST_KEY_LSApplicationCategoryType = "public.app-category.lifestyle";
				INFOPLIST_KEY_UIApplicationSupportsIndirectInputEvents = YES;
				INFOPLIST_KEY_UILaunchStoryboardName = LaunchScreen.storyboard;
				INFOPLIST_KEY_UISupportedInterfaceOrientations = UIInterfaceOrientationPortrait;
				INFOPLIST_KEY_UISupportedInterfaceOrientations_iPad = "UIInterfaceOrientationLandscapeLeft UIInterfaceOrientationLandscapeRight UIInterfaceOrientationPortrait UIInterfaceOrientationPortraitUpsideDown";
				LD_RUNPATH_SEARCH_PATHS = (
					"$(inherited)",
					"@executable_path/Frameworks",
				);
				MARKETING_VERSION = 1.0;
				PRODUCT_BUNDLE_IDENTIFIER = usket.RandomUser;
				PRODUCT_NAME = "$(TARGET_NAME)";
				PROVISIONING_PROFILE_SPECIFIER = "";
				SUPPORTED_PLATFORMS = "iphoneos iphonesimulator";
				SUPPORTS_MACCATALYST = NO;
				SUPPORTS_MAC_DESIGNED_FOR_IPHONE_IPAD = NO;
				SWIFT_EMIT_LOC_STRINGS = YES;
				SWIFT_VERSION = 5.0;
				TARGETED_DEVICE_FAMILY = 1;
			};
			name = Debug;
		};
		4C5FD3C82AD9791800029F4C /* Release */ = {
			isa = XCBuildConfiguration;
			buildSettings = {
				ASSETCATALOG_COMPILER_APPICON_NAME = AppIcon;
				ASSETCATALOG_COMPILER_GLOBAL_ACCENT_COLOR_NAME = AccentColor;
				CODE_SIGN_IDENTITY = "Apple Development";
				CODE_SIGN_STYLE = Automatic;
				CURRENT_PROJECT_VERSION = 1;
				DEVELOPMENT_TEAM = 46QF7GBZH7;
				GENERATE_INFOPLIST_FILE = YES;
				INFOPLIST_FILE = usket.RandomUser/Info.plist;
				INFOPLIST_KEY_LSApplicationCategoryType = "public.app-category.lifestyle";
				INFOPLIST_KEY_UIApplicationSupportsIndirectInputEvents = YES;
				INFOPLIST_KEY_UILaunchStoryboardName = LaunchScreen.storyboard;
				INFOPLIST_KEY_UISupportedInterfaceOrientations = UIInterfaceOrientationPortrait;
				INFOPLIST_KEY_UISupportedInterfaceOrientations_iPad = "UIInterfaceOrientationLandscapeLeft UIInterfaceOrientationLandscapeRight UIInterfaceOrientationPortrait UIInterfaceOrientationPortraitUpsideDown";
				LD_RUNPATH_SEARCH_PATHS = (
					"$(inherited)",
					"@executable_path/Frameworks",
				);
				MARKETING_VERSION = 1.0;
				PRODUCT_BUNDLE_IDENTIFIER = usket.RandomUser;
				PRODUCT_NAME = "$(TARGET_NAME)";
				PROVISIONING_PROFILE_SPECIFIER = "";
				SUPPORTED_PLATFORMS = "iphoneos iphonesimulator";
				SUPPORTS_MACCATALYST = NO;
				SUPPORTS_MAC_DESIGNED_FOR_IPHONE_IPAD = NO;
				SWIFT_EMIT_LOC_STRINGS = YES;
				SWIFT_VERSION = 5.0;
				TARGETED_DEVICE_FAMILY = 1;
			};
			name = Release;
		};
		4C5FD3CA2AD9791800029F4C /* Debug */ = {
			isa = XCBuildConfiguration;
			buildSettings = {
				ALWAYS_EMBED_SWIFT_STANDARD_LIBRARIES = YES;
				BUNDLE_LOADER = "$(TEST_HOST)";
				CODE_SIGN_STYLE = Automatic;
				CURRENT_PROJECT_VERSION = 1;
				DEVELOPMENT_TEAM = 46QF7GBZH7;
				GENERATE_INFOPLIST_FILE = YES;
				IPHONEOS_DEPLOYMENT_TARGET = 16.4;
				MARKETING_VERSION = 1.0;
				PRODUCT_BUNDLE_IDENTIFIER = "usket.usket-RandomUserTests";
				PRODUCT_NAME = "$(TARGET_NAME)";
				SWIFT_EMIT_LOC_STRINGS = NO;
				SWIFT_VERSION = 5.0;
				TARGETED_DEVICE_FAMILY = "1,2";
				TEST_HOST = "$(BUILT_PRODUCTS_DIR)/usket.RandomUser.app/$(BUNDLE_EXECUTABLE_FOLDER_PATH)/usket.RandomUser";
			};
			name = Debug;
		};
		4C5FD3CB2AD9791800029F4C /* Release */ = {
			isa = XCBuildConfiguration;
			buildSettings = {
				ALWAYS_EMBED_SWIFT_STANDARD_LIBRARIES = YES;
				BUNDLE_LOADER = "$(TEST_HOST)";
				CODE_SIGN_STYLE = Automatic;
				CURRENT_PROJECT_VERSION = 1;
				DEVELOPMENT_TEAM = 46QF7GBZH7;
				GENERATE_INFOPLIST_FILE = YES;
				IPHONEOS_DEPLOYMENT_TARGET = 16.4;
				MARKETING_VERSION = 1.0;
				PRODUCT_BUNDLE_IDENTIFIER = "usket.usket-RandomUserTests";
				PRODUCT_NAME = "$(TARGET_NAME)";
				SWIFT_EMIT_LOC_STRINGS = NO;
				SWIFT_VERSION = 5.0;
				TARGETED_DEVICE_FAMILY = "1,2";
				TEST_HOST = "$(BUILT_PRODUCTS_DIR)/usket.RandomUser.app/$(BUNDLE_EXECUTABLE_FOLDER_PATH)/usket.RandomUser";
			};
			name = Release;
		};
		4C5FD3CD2AD9791800029F4C /* Debug */ = {
			isa = XCBuildConfiguration;
			buildSettings = {
				ALWAYS_EMBED_SWIFT_STANDARD_LIBRARIES = YES;
				CODE_SIGN_STYLE = Automatic;
				CURRENT_PROJECT_VERSION = 1;
				DEVELOPMENT_TEAM = 46QF7GBZH7;
				GENERATE_INFOPLIST_FILE = YES;
				MARKETING_VERSION = 1.0;
				PRODUCT_BUNDLE_IDENTIFIER = "usket.usket-RandomUserUITests";
				PRODUCT_NAME = "$(TARGET_NAME)";
				SWIFT_EMIT_LOC_STRINGS = NO;
				SWIFT_VERSION = 5.0;
				TARGETED_DEVICE_FAMILY = "1,2";
				TEST_TARGET_NAME = usket.RandomUser;
			};
			name = Debug;
		};
		4C5FD3CE2AD9791800029F4C /* Release */ = {
			isa = XCBuildConfiguration;
			buildSettings = {
				ALWAYS_EMBED_SWIFT_STANDARD_LIBRARIES = YES;
				CODE_SIGN_STYLE = Automatic;
				CURRENT_PROJECT_VERSION = 1;
				DEVELOPMENT_TEAM = 46QF7GBZH7;
				GENERATE_INFOPLIST_FILE = YES;
				MARKETING_VERSION = 1.0;
				PRODUCT_BUNDLE_IDENTIFIER = "usket.usket-RandomUserUITests";
				PRODUCT_NAME = "$(TARGET_NAME)";
				SWIFT_EMIT_LOC_STRINGS = NO;
				SWIFT_VERSION = 5.0;
				TARGETED_DEVICE_FAMILY = "1,2";
				TEST_TARGET_NAME = usket.RandomUser;
			};
			name = Release;
		};
/* End XCBuildConfiguration section */

/* Begin XCConfigurationList section */
		4C5FD3972AD9791700029F4C /* Build configuration list for PBXProject "usket.RandomUser" */ = {
			isa = XCConfigurationList;
			buildConfigurations = (
				4C5FD3C42AD9791800029F4C /* Debug */,
				4C5FD3C52AD9791800029F4C /* Release */,
			);
			defaultConfigurationIsVisible = 0;
			defaultConfigurationName = Release;
		};
		4C5FD3C62AD9791800029F4C /* Build configuration list for PBXNativeTarget "usket.RandomUser" */ = {
			isa = XCConfigurationList;
			buildConfigurations = (
				4C5FD3C72AD9791800029F4C /* Debug */,
				4C5FD3C82AD9791800029F4C /* Release */,
			);
			defaultConfigurationIsVisible = 0;
			defaultConfigurationName = Release;
		};
		4C5FD3C92AD9791800029F4C /* Build configuration list for PBXNativeTarget "usket.RandomUserTests" */ = {
			isa = XCConfigurationList;
			buildConfigurations = (
				4C5FD3CA2AD9791800029F4C /* Debug */,
				4C5FD3CB2AD9791800029F4C /* Release */,
			);
			defaultConfigurationIsVisible = 0;
			defaultConfigurationName = Release;
		};
		4C5FD3CC2AD9791800029F4C /* Build configuration list for PBXNativeTarget "usket.RandomUserUITests" */ = {
			isa = XCConfigurationList;
			buildConfigurations = (
				4C5FD3CD2AD9791800029F4C /* Debug */,
				4C5FD3CE2AD9791800029F4C /* Release */,
			);
			defaultConfigurationIsVisible = 0;
			defaultConfigurationName = Release;
		};
/* End XCConfigurationList section */

/* Begin XCRemoteSwiftPackageReference section */
		4C5FD3D22AD97C0800029F4C /* XCRemoteSwiftPackageReference "ReactorKit" */ = {
			isa = XCRemoteSwiftPackageReference;
			repositoryURL = "https://github.com/ReactorKit/ReactorKit";
			requirement = {
				kind = upToNextMajorVersion;
				minimumVersion = 3.0.0;
			};
		};
		4C5FD3D52AD97C2500029F4C /* XCRemoteSwiftPackageReference "RxDataSources" */ = {
			isa = XCRemoteSwiftPackageReference;
			repositoryURL = "https://github.com/RxSwiftCommunity/RxDataSources";
			requirement = {
				kind = upToNextMajorVersion;
				minimumVersion = 5.0.0;
			};
		};
		4C5FD3DD2AD97CCA00029F4C /* XCRemoteSwiftPackageReference "RxAlamofire" */ = {
			isa = XCRemoteSwiftPackageReference;
			repositoryURL = "https://github.com/RxSwiftCommunity/RxAlamofire";
			requirement = {
				kind = exactVersion;
				version = 6.1.2;
			};
		};
		4C5FD3E02AD97D5F00029F4C /* XCRemoteSwiftPackageReference "SnapKit" */ = {
			isa = XCRemoteSwiftPackageReference;
			repositoryURL = "https://github.com/SnapKit/SnapKit";
			requirement = {
				kind = upToNextMajorVersion;
				minimumVersion = 5.0.0;
			};
		};
/* End XCRemoteSwiftPackageReference section */

/* Begin XCSwiftPackageProductDependency section */
		4C5FD3D32AD97C0800029F4C /* ReactorKit */ = {
			isa = XCSwiftPackageProductDependency;
			package = 4C5FD3D22AD97C0800029F4C /* XCRemoteSwiftPackageReference "ReactorKit" */;
			productName = ReactorKit;
		};
		4C5FD3D62AD97C2500029F4C /* Differentiator */ = {
			isa = XCSwiftPackageProductDependency;
			package = 4C5FD3D52AD97C2500029F4C /* XCRemoteSwiftPackageReference "RxDataSources" */;
			productName = Differentiator;
		};
		4C5FD3D82AD97C2500029F4C /* RxDataSources */ = {
			isa = XCSwiftPackageProductDependency;
			package = 4C5FD3D52AD97C2500029F4C /* XCRemoteSwiftPackageReference "RxDataSources" */;
			productName = RxDataSources;
		};
		4C5FD3DE2AD97CCA00029F4C /* RxAlamofire */ = {
			isa = XCSwiftPackageProductDependency;
			package = 4C5FD3DD2AD97CCA00029F4C /* XCRemoteSwiftPackageReference "RxAlamofire" */;
			productName = RxAlamofire;
		};
		4C5FD3E12AD97D5F00029F4C /* SnapKit */ = {
			isa = XCSwiftPackageProductDependency;
			package = 4C5FD3E02AD97D5F00029F4C /* XCRemoteSwiftPackageReference "SnapKit" */;
			productName = SnapKit;
		};
/* End XCSwiftPackageProductDependency section */
	};
	rootObject = 4C5FD3942AD9791700029F4C /* Project object */;
}
