// !$*UTF8*$!
{
	archiveVersion = 1;
	classes = {
	};
	objectVersion = 56;
	objects = {

/* Begin PBXBuildFile section */
		4C5FD3A02AD9791700029F4C /* AppDelegate.swift in Sources */ = {isa = PBXBuildFile; fileRef = 4C5FD39F2AD9791700029F4C /* AppDelegate.swift */; };
		4C5FD3A22AD9791700029F4C /* SceneDelegate.swift in Sources */ = {isa = PBXBuildFile; fileRef = 4C5FD3A12AD9791700029F4C /* SceneDelegate.swift */; };
		4C5FD3A42AD9791700029F4C /* ViewController.swift in Sources */ = {isa = PBXBuildFile; fileRef = 4C5FD3A32AD9791700029F4C /* ViewController.swift */; };
		4C5FD3A72AD9791700029F4C /* Main.storyboard in Resources */ = {isa = PBXBuildFile; fileRef = 4C5FD3A52AD9791700029F4C /* Main.storyboard */; };
		4C5FD3A92AD9791800029F4C /* Assets.xcassets in Resources */ = {isa = PBXBuildFile; fileRef = 4C5FD3A82AD9791800029F4C /* Assets.xcassets */; };
		4C5FD3AC2AD9791800029F4C /* LaunchScreen.storyboard in Resources */ = {isa = PBXBuildFile; fileRef = 4C5FD3AA2AD9791800029F4C /* LaunchScreen.storyboard */; };
		4C5FD3B72AD9791800029F4C /* usket_RandomUserTests.swift in Sources */ = {isa = PBXBuildFile; fileRef = 4C5FD3B62AD9791800029F4C /* usket_RandomUserTests.swift */; };
		4C5FD3C12AD9791800029F4C /* usket_RandomUserUITests.swift in Sources */ = {isa = PBXBuildFile; fileRef = 4C5FD3C02AD9791800029F4C /* usket_RandomUserUITests.swift */; };
		4C5FD3C32AD9791800029F4C /* usket_RandomUserUITestsLaunchTests.swift in Sources */ = {isa = PBXBuildFile; fileRef = 4C5FD3C22AD9791800029F4C /* usket_RandomUserUITestsLaunchTests.swift */; };
/* End PBXBuildFile section */

/* Begin PBXContainerItemProxy section */
		4C5FD3B32AD9791800029F4C /* PBXContainerItemProxy */ = {
			isa = PBXContainerItemProxy;
			containerPortal = 4C5FD3942AD9791700029F4C /* Project object */;
			proxyType = 1;
			remoteGlobalIDString = 4C5FD39B2AD9791700029F4C;
			remoteInfo = usket.RandomUser;
		};
		4C5FD3BD2AD9791800029F4C /* PBXContainerItemProxy */ = {
			isa = PBXContainerItemProxy;
			containerPortal = 4C5FD3942AD9791700029F4C /* Project object */;
			proxyType = 1;
			remoteGlobalIDString = 4C5FD39B2AD9791700029F4C;
			remoteInfo = usket.RandomUser;
		};
/* End PBXContainerItemProxy section */

/* Begin PBXFileReference section */
		4C5FD39C2AD9791700029F4C /* usket.RandomUser.app */ = {isa = PBXFileReference; explicitFileType = wrapper.application; includeInIndex = 0; path = usket.RandomUser.app; sourceTree = BUILT_PRODUCTS_DIR; };
		4C5FD39F2AD9791700029F4C /* AppDelegate.swift */ = {isa = PBXFileReference; lastKnownFileType = sourcecode.swift; path = AppDelegate.swift; sourceTree = "<group>"; };
		4C5FD3A12AD9791700029F4C /* SceneDelegate.swift */ = {isa = PBXFileReference; lastKnownFileType = sourcecode.swift; path = SceneDelegate.swift; sourceTree = "<group>"; };
		4C5FD3A32AD9791700029F4C /* ViewController.swift */ = {isa = PBXFileReference; lastKnownFileType = sourcecode.swift; path = ViewController.swift; sourceTree = "<group>"; };
		4C5FD3A62AD9791700029F4C /* Base */ = {isa = PBXFileReference; lastKnownFileType = file.storyboard; name = Base; path = Base.lproj/Main.storyboard; sourceTree = "<group>"; };
		4C5FD3A82AD9791800029F4C /* Assets.xcassets */ = {isa = PBXFileReference; lastKnownFileType = folder.assetcatalog; path = Assets.xcassets; sourceTree = "<group>"; };
		4C5FD3AB2AD9791800029F4C /* Base */ = {isa = PBXFileReference; lastKnownFileType = file.storyboard; name = Base; path = Base.lproj/LaunchScreen.storyboard; sourceTree = "<group>"; };
		4C5FD3AD2AD9791800029F4C /* Info.plist */ = {isa = PBXFileReference; lastKnownFileType = text.plist.xml; path = Info.plist; sourceTree = "<group>"; };
		4C5FD3B22AD9791800029F4C /* usket.RandomUserTests.xctest */ = {isa = PBXFileReference; explicitFileType = wrapper.cfbundle; includeInIndex = 0; path = usket.RandomUserTests.xctest; sourceTree = BUILT_PRODUCTS_DIR; };
		4C5FD3B62AD9791800029F4C /* usket_RandomUserTests.swift */ = {isa = PBXFileReference; lastKnownFileType = sourcecode.swift; path = usket_RandomUserTests.swift; sourceTree = "<group>"; };
		4C5FD3BC2AD9791800029F4C /* usket.RandomUserUITests.xctest */ = {isa = PBXFileReference; explicitFileType = wrapper.cfbundle; includeInIndex = 0; path = usket.RandomUserUITests.xctest; sourceTree = BUILT_PRODUCTS_DIR; };
		4C5FD3C02AD9791800029F4C /* usket_RandomUserUITests.swift */ = {isa = PBXFileReference; lastKnownFileType = sourcecode.swift; path = usket_RandomUserUITests.swift; sourceTree = "<group>"; };
		4C5FD3C22AD9791800029F4C /* usket_RandomUserUITestsLaunchTests.swift */ = {isa = PBXFileReference; lastKnownFileType = sourcecode.swift; path = usket_RandomUserUITestsLaunchTests.swift; sourceTree = "<group>"; };
/* End PBXFileReference section */

/* Begin PBXFrameworksBuildPhase section */
		4C5FD3992AD9791700029F4C /* Frameworks */ = {
			isa = PBXFrameworksBuildPhase;
			buildActionMask = 2147483647;
			files = (
			);
			runOnlyForDeploymentPostprocessing = 0;
		};
		4C5FD3AF2AD9791800029F4C /* Frameworks */ = {
			isa = PBXFrameworksBuildPhase;
			buildActionMask = 2147483647;
			files = (
			);
			runOnlyForDeploymentPostprocessing = 0;
		};
		4C5FD3B92AD9791800029F4C /* Frameworks */ = {
			isa = PBXFrameworksBuildPhase;
			buildActionMask = 2147483647;
			files = (
			);
			runOnlyForDeploymentPostprocessing = 0;
		};
/* End PBXFrameworksBuildPhase section */

/* Begin PBXGroup section */
		4C5FD3932AD9791700029F4C = {
			isa = PBXGroup;
			children = (
				4C5FD39E2AD9791700029F4C /* usket.RandomUser */,
				4C5FD3B52AD9791800029F4C /* usket.RandomUserTests */,
				4C5FD3BF2AD9791800029F4C /* usket.RandomUserUITests */,
				4C5FD39D2AD9791700029F4C /* Products */,
			);
			sourceTree = "<group>";
		};
		4C5FD39D2AD9791700029F4C /* Products */ = {
			isa = PBXGroup;
			children = (
				4C5FD39C2AD9791700029F4C /* usket.RandomUser.app */,
				4C5FD3B22AD9791800029F4C /* usket.RandomUserTests.xctest */,
				4C5FD3BC2AD9791800029F4C /* usket.RandomUserUITests.xctest */,
			);
			name = Products;
			sourceTree = "<group>";
		};
		4C5FD39E2AD9791700029F4C /* usket.RandomUser */ = {
			isa = PBXGroup;
			children = (
				4C5FD39F2AD9791700029F4C /* AppDelegate.swift */,
				4C5FD3A12AD9791700029F4C /* SceneDelegate.swift */,
				4C5FD3A32AD9791700029F4C /* ViewController.swift */,
				4C5FD3A52AD9791700029F4C /* Main.storyboard */,
				4C5FD3A82AD9791800029F4C /* Assets.xcassets */,
				4C5FD3AA2AD9791800029F4C /* LaunchScreen.storyboard */,
				4C5FD3AD2AD9791800029F4C /* Info.plist */,
			);
			path = usket.RandomUser;
			sourceTree = "<group>";
		};
		4C5FD3B52AD9791800029F4C /* usket.RandomUserTests */ = {
			isa = PBXGroup;
			children = (
				4C5FD3B62AD9791800029F4C /* usket_RandomUserTests.swift */,
			);
			path = usket.RandomUserTests;
			sourceTree = "<group>";
		};
		4C5FD3BF2AD9791800029F4C /* usket.RandomUserUITests */ = {
			isa = PBXGroup;
			children = (
				4C5FD3C02AD9791800029F4C /* usket_RandomUserUITests.swift */,
				4C5FD3C22AD9791800029F4C /* usket_RandomUserUITestsLaunchTests.swift */,
			);
			path = usket.RandomUserUITests;
			sourceTree = "<group>";
		};
/* End PBXGroup section */

/* Begin PBXNativeTarget section */
		4C5FD39B2AD9791700029F4C /* usket.RandomUser */ = {
			isa = PBXNativeTarget;
			buildConfigurationList = 4C5FD3C62AD9791800029F4C /* Build configuration list for PBXNativeTarget "usket.RandomUser" */;
			buildPhases = (
				4C5FD3982AD9791700029F4C /* Sources */,
				4C5FD3992AD9791700029F4C /* Frameworks */,
				4C5FD39A2AD9791700029F4C /* Resources */,
			);
			buildRules = (
			);
			dependencies = (
			);
			name = usket.RandomUser;
			productName = usket.RandomUser;
			productReference = 4C5FD39C2AD9791700029F4C /* usket.RandomUser.app */;
			productType = "com.apple.product-type.application";
		};
		4C5FD3B12AD9791800029F4C /* usket.RandomUserTests */ = {
			isa = PBXNativeTarget;
			buildConfigurationList = 4C5FD3C92AD9791800029F4C /* Build configuration list for PBXNativeTarget "usket.RandomUserTests" */;
			buildPhases = (
				4C5FD3AE2AD9791800029F4C /* Sources */,
				4C5FD3AF2AD9791800029F4C /* Frameworks */,
				4C5FD3B02AD9791800029F4C /* Resources */,
			);
			buildRules = (
			);
			dependencies = (
				4C5FD3B42AD9791800029F4C /* PBXTargetDependency */,
			);
			name = usket.RandomUserTests;
			productName = usket.RandomUserTests;
			productReference = 4C5FD3B22AD9791800029F4C /* usket.RandomUserTests.xctest */;
			productType = "com.apple.product-type.bundle.unit-test";
		};
		4C5FD3BB2AD9791800029F4C /* usket.RandomUserUITests */ = {
			isa = PBXNativeTarget;
			buildConfigurationList = 4C5FD3CC2AD9791800029F4C /* Build configuration list for PBXNativeTarget "usket.RandomUserUITests" */;
			buildPhases = (
				4C5FD3B82AD9791800029F4C /* Sources */,
				4C5FD3B92AD9791800029F4C /* Frameworks */,
				4C5FD3BA2AD9791800029F4C /* Resources */,
			);
			buildRules = (
			);
			dependencies = (
				4C5FD3BE2AD9791800029F4C /* PBXTargetDependency */,
			);
			name = usket.RandomUserUITests;
			productName = usket.RandomUserUITests;
			productReference = 4C5FD3BC2AD9791800029F4C /* usket.RandomUserUITests.xctest */;
			productType = "com.apple.product-type.bundle.ui-testing";
		};
/* End PBXNativeTarget section */

/* Begin PBXProject section */
		4C5FD3942AD9791700029F4C /* Project object */ = {
			isa = PBXProject;
			attributes = {
				BuildIndependentTargetsInParallel = 1;
				LastSwiftUpdateCheck = 1430;
				LastUpgradeCheck = 1430;
				TargetAttributes = {
					4C5FD39B2AD9791700029F4C = {
						CreatedOnToolsVersion = 14.3.1;
					};
					4C5FD3B12AD9791800029F4C = {
						CreatedOnToolsVersion = 14.3.1;
						TestTargetID = 4C5FD39B2AD9791700029F4C;
					};
					4C5FD3BB2AD9791800029F4C = {
						CreatedOnToolsVersion = 14.3.1;
						TestTargetID = 4C5FD39B2AD9791700029F4C;
					};
				};
			};
			buildConfigurationList = 4C5FD3972AD9791700029F4C /* Build configuration list for PBXProject "usket.RandomUser" */;
			compatibilityVersion = "Xcode 14.0";
			developmentRegion = en;
			hasScannedForEncodings = 0;
			knownRegions = (
				en,
				Base,
			);
			mainGroup = 4C5FD3932AD9791700029F4C;
			productRefGroup = 4C5FD39D2AD9791700029F4C /* Products */;
			projectDirPath = "";
			projectRoot = "";
			targets = (
				4C5FD39B2AD9791700029F4C /* usket.RandomUser */,
				4C5FD3B12AD9791800029F4C /* usket.RandomUserTests */,
				4C5FD3BB2AD9791800029F4C /* usket.RandomUserUITests */,
			);
		};
/* End PBXProject section */

/* Begin PBXResourcesBuildPhase section */
		4C5FD39A2AD9791700029F4C /* Resources */ = {
			isa = PBXResourcesBuildPhase;
			buildActionMask = 2147483647;
			files = (
				4C5FD3AC2AD9791800029F4C /* LaunchScreen.storyboard in Resources */,
				4C5FD3A92AD9791800029F4C /* Assets.xcassets in Resources */,
				4C5FD3A72AD9791700029F4C /* Main.storyboard in Resources */,
			);
			runOnlyForDeploymentPostprocessing = 0;
		};
		4C5FD3B02AD9791800029F4C /* Resources */ = {
			isa = PBXResourcesBuildPhase;
			buildActionMask = 2147483647;
			files = (
			);
			runOnlyForDeploymentPostprocessing = 0;
		};
		4C5FD3BA2AD9791800029F4C /* Resources */ = {
			isa = PBXResourcesBuildPhase;
			buildActionMask = 2147483647;
			files = (
			);
			runOnlyForDeploymentPostprocessing = 0;
		};
/* End PBXResourcesBuildPhase section */

/* Begin PBXSourcesBuildPhase section */
		4C5FD3982AD9791700029F4C /* Sources */ = {
			isa = PBXSourcesBuildPhase;
			buildActionMask = 2147483647;
			files = (
				4C5FD3A42AD9791700029F4C /* ViewController.swift in Sources */,
				4C5FD3A02AD9791700029F4C /* AppDelegate.swift in Sources */,
				4C5FD3A22AD9791700029F4C /* SceneDelegate.swift in Sources */,
			);
			runOnlyForDeploymentPostprocessing = 0;
		};
		4C5FD3AE2AD9791800029F4C /* Sources */ = {
			isa = PBXSourcesBuildPhase;
			buildActionMask = 2147483647;
			files = (
				4C5FD3B72AD9791800029F4C /* usket_RandomUserTests.swift in Sources */,
			);
			runOnlyForDeploymentPostprocessing = 0;
		};
		4C5FD3B82AD9791800029F4C /* Sources */ = {
			isa = PBXSourcesBuildPhase;
			buildActionMask = 2147483647;
			files = (
				4C5FD3C12AD9791800029F4C /* usket_RandomUserUITests.swift in Sources */,
				4C5FD3C32AD9791800029F4C /* usket_RandomUserUITestsLaunchTests.swift in Sources */,
			);
			runOnlyForDeploymentPostprocessing = 0;
		};
/* End PBXSourcesBuildPhase section */

/* Begin PBXTargetDependency section */
		4C5FD3B42AD9791800029F4C /* PBXTargetDependency */ = {
			isa = PBXTargetDependency;
			target = 4C5FD39B2AD9791700029F4C /* usket.RandomUser */;
			targetProxy = 4C5FD3B32AD9791800029F4C /* PBXContainerItemProxy */;
		};
		4C5FD3BE2AD9791800029F4C /* PBXTargetDependency */ = {
			isa = PBXTargetDependency;
			target = 4C5FD39B2AD9791700029F4C /* usket.RandomUser */;
			targetProxy = 4C5FD3BD2AD9791800029F4C /* PBXContainerItemProxy */;
		};
/* End PBXTargetDependency section */

/* Begin PBXVariantGroup section */
		4C5FD3A52AD9791700029F4C /* Main.storyboard */ = {
			isa = PBXVariantGroup;
			children = (
				4C5FD3A62AD9791700029F4C /* Base */,
			);
			name = Main.storyboard;
			sourceTree = "<group>";
		};
		4C5FD3AA2AD9791800029F4C /* LaunchScreen.storyboard */ = {
			isa = PBXVariantGroup;
			children = (
				4C5FD3AB2AD9791800029F4C /* Base */,
			);
			name = LaunchScreen.storyboard;
			sourceTree = "<group>";
		};
/* End PBXVariantGroup section */

/* Begin XCBuildConfiguration section */
		4C5FD3C42AD9791800029F4C /* Debug */ = {
			isa = XCBuildConfiguration;
			buildSettings = {
				ALWAYS_SEARCH_USER_PATHS = NO;
				CLANG_ANALYZER_NONNULL = YES;
				CLANG_ANALYZER_NUMBER_OBJECT_CONVERSION = YES_AGGRESSIVE;
				CLANG_CXX_LANGUAGE_STANDARD = "gnu++20";
				CLANG_ENABLE_MODULES = YES;
				CLANG_ENABLE_OBJC_ARC = YES;
				CLANG_ENABLE_OBJC_WEAK = YES;
				CLANG_WARN_BLOCK_CAPTURE_AUTORELEASING = YES;
				CLANG_WARN_BOOL_CONVERSION = YES;
				CLANG_WARN_COMMA = YES;
				CLANG_WARN_CONSTANT_CONVERSION = YES;
				CLANG_WARN_DEPRECATED_OBJC_IMPLEMENTATIONS = YES;
				CLANG_WARN_DIRECT_OBJC_ISA_USAGE = YES_ERROR;
				CLANG_WARN_DOCUMENTATION_COMMENTS = YES;
				CLANG_WARN_EMPTY_BODY = YES;
				CLANG_WARN_ENUM_CONVERSION = YES;
				CLANG_WARN_INFINITE_RECURSION = YES;
				CLANG_WARN_INT_CONVERSION = YES;
				CLANG_WARN_NON_LITERAL_NULL_CONVERSION = YES;
				CLANG_WARN_OBJC_IMPLICIT_RETAIN_SELF = YES;
				CLANG_WARN_OBJC_LITERAL_CONVERSION = YES;
				CLANG_WARN_OBJC_ROOT_CLASS = YES_ERROR;
				CLANG_WARN_QUOTED_INCLUDE_IN_FRAMEWORK_HEADER = YES;
				CLANG_WARN_RANGE_LOOP_ANALYSIS = YES;
				CLANG_WARN_STRICT_PROTOTYPES = YES;
				CLANG_WARN_SUSPICIOUS_MOVE = YES;
				CLANG_WARN_UNGUARDED_AVAILABILITY = YES_AGGRESSIVE;
				CLANG_WARN_UNREACHABLE_CODE = YES;
				CLANG_WARN__DUPLICATE_METHOD_MATCH = YES;
				COPY_PHASE_STRIP = NO;
				DEBUG_INFORMATION_FORMAT = dwarf;
				ENABLE_STRICT_OBJC_MSGSEND = YES;
				ENABLE_TESTABILITY = YES;
				GCC_C_LANGUAGE_STANDARD = gnu11;
				GCC_DYNAMIC_NO_PIC = NO;
				GCC_NO_COMMON_BLOCKS = YES;
				GCC_OPTIMIZATION_LEVEL = 0;
				GCC_PREPROCESSOR_DEFINITIONS = (
					"DEBUG=1",
					"$(inherited)",
				);
				GCC_WARN_64_TO_32_BIT_CONVERSION = YES;
				GCC_WARN_ABOUT_RETURN_TYPE = YES_ERROR;
				GCC_WARN_UNDECLARED_SELECTOR = YES;
				GCC_WARN_UNINITIALIZED_AUTOS = YES_AGGRESSIVE;
				GCC_WARN_UNUSED_FUNCTION = YES;
				GCC_WARN_UNUSED_VARIABLE = YES;
				IPHONEOS_DEPLOYMENT_TARGET = 16.4;
				MTL_ENABLE_DEBUG_INFO = INCLUDE_SOURCE;
				MTL_FAST_MATH = YES;
				ONLY_ACTIVE_ARCH = YES;
				SDKROOT = iphoneos;
				SWIFT_ACTIVE_COMPILATION_CONDITIONS = DEBUG;
				SWIFT_OPTIMIZATION_LEVEL = "-Onone";
			};
			name = Debug;
		};
		4C5FD3C52AD9791800029F4C /* Release */ = {
			isa = XCBuildConfiguration;
			buildSettings = {
				ALWAYS_SEARCH_USER_PATHS = NO;
				CLANG_ANALYZER_NONNULL = YES;
				CLANG_ANALYZER_NUMBER_OBJECT_CONVERSION = YES_AGGRESSIVE;
				CLANG_CXX_LANGUAGE_STANDARD = "gnu++20";
				CLANG_ENABLE_MODULES = YES;
				CLANG_ENABLE_OBJC_ARC = YES;
				CLANG_ENABLE_OBJC_WEAK = YES;
				CLANG_WARN_BLOCK_CAPTURE_AUTORELEASING = YES;
				CLANG_WARN_BOOL_CONVERSION = YES;
				CLANG_WARN_COMMA = YES;
				CLANG_WARN_CONSTANT_CONVERSION = YES;
				CLANG_WARN_DEPRECATED_OBJC_IMPLEMENTATIONS = YES;
				CLANG_WARN_DIRECT_OBJC_ISA_USAGE = YES_ERROR;
				CLANG_WARN_DOCUMENTATION_COMMENTS = YES;
				CLANG_WARN_EMPTY_BODY = YES;
				CLANG_WARN_ENUM_CONVERSION = YES;
				CLANG_WARN_INFINITE_RECURSION = YES;
				CLANG_WARN_INT_CONVERSION = YES;
				CLANG_WARN_NON_LITERAL_NULL_CONVERSION = YES;
				CLANG_WARN_OBJC_IMPLICIT_RETAIN_SELF = YES;
				CLANG_WARN_OBJC_LITERAL_CONVERSION = YES;
				CLANG_WARN_OBJC_ROOT_CLASS = YES_ERROR;
				CLANG_WARN_QUOTED_INCLUDE_IN_FRAMEWORK_HEADER = YES;
				CLANG_WARN_RANGE_LOOP_ANALYSIS = YES;
				CLANG_WARN_STRICT_PROTOTYPES = YES;
				CLANG_WARN_SUSPICIOUS_MOVE = YES;
				CLANG_WARN_UNGUARDED_AVAILABILITY = YES_AGGRESSIVE;
				CLANG_WARN_UNREACHABLE_CODE = YES;
				CLANG_WARN__DUPLICATE_METHOD_MATCH = YES;
				COPY_PHASE_STRIP = NO;
				DEBUG_INFORMATION_FORMAT = "dwarf-with-dsym";
				ENABLE_NS_ASSERTIONS = NO;
				ENABLE_STRICT_OBJC_MSGSEND = YES;
				GCC_C_LANGUAGE_STANDARD = gnu11;
				GCC_NO_COMMON_BLOCKS = YES;
				GCC_WARN_64_TO_32_BIT_CONVERSION = YES;
				GCC_WARN_ABOUT_RETURN_TYPE = YES_ERROR;
				GCC_WARN_UNDECLARED_SELECTOR = YES;
				GCC_WARN_UNINITIALIZED_AUTOS = YES_AGGRESSIVE;
				GCC_WARN_UNUSED_FUNCTION = YES;
				GCC_WARN_UNUSED_VARIABLE = YES;
				IPHONEOS_DEPLOYMENT_TARGET = 16.4;
				MTL_ENABLE_DEBUG_INFO = NO;
				MTL_FAST_MATH = YES;
				SDKROOT = iphoneos;
				SWIFT_COMPILATION_MODE = wholemodule;
				SWIFT_OPTIMIZATION_LEVEL = "-O";
				VALIDATE_PRODUCT = YES;
			};
			name = Release;
		};
		4C5FD3C72AD9791800029F4C /* Debug */ = {
			isa = XCBuildConfiguration;
			buildSettings = {
				ASSETCATALOG_COMPILER_APPICON_NAME = AppIcon;
				ASSETCATALOG_COMPILER_GLOBAL_ACCENT_COLOR_NAME = AccentColor;
				CODE_SIGN_STYLE = Automatic;
				CURRENT_PROJECT_VERSION = 1;
				DEVELOPMENT_TEAM = 46QF7GBZH7;
				GENERATE_INFOPLIST_FILE = YES;
				INFOPLIST_FILE = usket.RandomUser/Info.plist;
				INFOPLIST_KEY_UIApplicationSupportsIndirectInputEvents = YES;
				INFOPLIST_KEY_UILaunchStoryboardName = LaunchScreen;
				INFOPLIST_KEY_UIMainStoryboardFile = Main;
				INFOPLIST_KEY_UISupportedInterfaceOrientations_iPad = "UIInterfaceOrientationPortrait UIInterfaceOrientationPortraitUpsideDown UIInterfaceOrientationLandscapeLeft UIInterfaceOrientationLandscapeRight";
				INFOPLIST_KEY_UISupportedInterfaceOrientations_iPhone = "UIInterfaceOrientationPortrait UIInterfaceOrientationLandscapeLeft UIInterfaceOrientationLandscapeRight";
				LD_RUNPATH_SEARCH_PATHS = (
					"$(inherited)",
					"@executable_path/Frameworks",
				);
				MARKETING_VERSION = 1.0;
				PRODUCT_BUNDLE_IDENTIFIER = "usket.usket-RandomUser";
				PRODUCT_NAME = "$(TARGET_NAME)";
				SWIFT_EMIT_LOC_STRINGS = YES;
				SWIFT_VERSION = 5.0;
				TARGETED_DEVICE_FAMILY = "1,2";
			};
			name = Debug;
		};
		4C5FD3C82AD9791800029F4C /* Release */ = {
			isa = XCBuildConfiguration;
			buildSettings = {
				ASSETCATALOG_COMPILER_APPICON_NAME = AppIcon;
				ASSETCATALOG_COMPILER_GLOBAL_ACCENT_COLOR_NAME = AccentColor;
				CODE_SIGN_STYLE = Automatic;
				CURRENT_PROJECT_VERSION = 1;
				DEVELOPMENT_TEAM = 46QF7GBZH7;
				GENERATE_INFOPLIST_FILE = YES;
				INFOPLIST_FILE = usket.RandomUser/Info.plist;
				INFOPLIST_KEY_UIApplicationSupportsIndirectInputEvents = YES;
				INFOPLIST_KEY_UILaunchStoryboardName = LaunchScreen;
				INFOPLIST_KEY_UIMainStoryboardFile = Main;
				INFOPLIST_KEY_UISupportedInterfaceOrientations_iPad = "UIInterfaceOrientationPortrait UIInterfaceOrientationPortraitUpsideDown UIInterfaceOrientationLandscapeLeft UIInterfaceOrientationLandscapeRight";
				INFOPLIST_KEY_UISupportedInterfaceOrientations_iPhone = "UIInterfaceOrientationPortrait UIInterfaceOrientationLandscapeLeft UIInterfaceOrientationLandscapeRight";
				LD_RUNPATH_SEARCH_PATHS = (
					"$(inherited)",
					"@executable_path/Frameworks",
				);
				MARKETING_VERSION = 1.0;
				PRODUCT_BUNDLE_IDENTIFIER = "usket.usket-RandomUser";
				PRODUCT_NAME = "$(TARGET_NAME)";
				SWIFT_EMIT_LOC_STRINGS = YES;
				SWIFT_VERSION = 5.0;
				TARGETED_DEVICE_FAMILY = "1,2";
			};
			name = Release;
		};
		4C5FD3CA2AD9791800029F4C /* Debug */ = {
			isa = XCBuildConfiguration;
			buildSettings = {
				ALWAYS_EMBED_SWIFT_STANDARD_LIBRARIES = YES;
				BUNDLE_LOADER = "$(TEST_HOST)";
				CODE_SIGN_STYLE = Automatic;
				CURRENT_PROJECT_VERSION = 1;
				DEVELOPMENT_TEAM = 46QF7GBZH7;
				GENERATE_INFOPLIST_FILE = YES;
				IPHONEOS_DEPLOYMENT_TARGET = 16.4;
				MARKETING_VERSION = 1.0;
				PRODUCT_BUNDLE_IDENTIFIER = "usket.usket-RandomUserTests";
				PRODUCT_NAME = "$(TARGET_NAME)";
				SWIFT_EMIT_LOC_STRINGS = NO;
				SWIFT_VERSION = 5.0;
				TARGETED_DEVICE_FAMILY = "1,2";
				TEST_HOST = "$(BUILT_PRODUCTS_DIR)/usket.RandomUser.app/$(BUNDLE_EXECUTABLE_FOLDER_PATH)/usket.RandomUser";
			};
			name = Debug;
		};
		4C5FD3CB2AD9791800029F4C /* Release */ = {
			isa = XCBuildConfiguration;
			buildSettings = {
				ALWAYS_EMBED_SWIFT_STANDARD_LIBRARIES = YES;
				BUNDLE_LOADER = "$(TEST_HOST)";
				CODE_SIGN_STYLE = Automatic;
				CURRENT_PROJECT_VERSION = 1;
				DEVELOPMENT_TEAM = 46QF7GBZH7;
				GENERATE_INFOPLIST_FILE = YES;
				IPHONEOS_DEPLOYMENT_TARGET = 16.4;
				MARKETING_VERSION = 1.0;
				PRODUCT_BUNDLE_IDENTIFIER = "usket.usket-RandomUserTests";
				PRODUCT_NAME = "$(TARGET_NAME)";
				SWIFT_EMIT_LOC_STRINGS = NO;
				SWIFT_VERSION = 5.0;
				TARGETED_DEVICE_FAMILY = "1,2";
				TEST_HOST = "$(BUILT_PRODUCTS_DIR)/usket.RandomUser.app/$(BUNDLE_EXECUTABLE_FOLDER_PATH)/usket.RandomUser";
			};
			name = Release;
		};
		4C5FD3CD2AD9791800029F4C /* Debug */ = {
			isa = XCBuildConfiguration;
			buildSettings = {
				ALWAYS_EMBED_SWIFT_STANDARD_LIBRARIES = YES;
				CODE_SIGN_STYLE = Automatic;
				CURRENT_PROJECT_VERSION = 1;
				DEVELOPMENT_TEAM = 46QF7GBZH7;
				GENERATE_INFOPLIST_FILE = YES;
				MARKETING_VERSION = 1.0;
				PRODUCT_BUNDLE_IDENTIFIER = "usket.usket-RandomUserUITests";
				PRODUCT_NAME = "$(TARGET_NAME)";
				SWIFT_EMIT_LOC_STRINGS = NO;
				SWIFT_VERSION = 5.0;
				TARGETED_DEVICE_FAMILY = "1,2";
				TEST_TARGET_NAME = usket.RandomUser;
			};
			name = Debug;
		};
		4C5FD3CE2AD9791800029F4C /* Release */ = {
			isa = XCBuildConfiguration;
			buildSettings = {
				ALWAYS_EMBED_SWIFT_STANDARD_LIBRARIES = YES;
				CODE_SIGN_STYLE = Automatic;
				CURRENT_PROJECT_VERSION = 1;
				DEVELOPMENT_TEAM = 46QF7GBZH7;
				GENERATE_INFOPLIST_FILE = YES;
				MARKETING_VERSION = 1.0;
				PRODUCT_BUNDLE_IDENTIFIER = "usket.usket-RandomUserUITests";
				PRODUCT_NAME = "$(TARGET_NAME)";
				SWIFT_EMIT_LOC_STRINGS = NO;
				SWIFT_VERSION = 5.0;
				TARGETED_DEVICE_FAMILY = "1,2";
				TEST_TARGET_NAME = usket.RandomUser;
			};
			name = Release;
		};
/* End XCBuildConfiguration section */

/* Begin XCConfigurationList section */
		4C5FD3972AD9791700029F4C /* Build configuration list for PBXProject "usket.RandomUser" */ = {
			isa = XCConfigurationList;
			buildConfigurations = (
				4C5FD3C42AD9791800029F4C /* Debug */,
				4C5FD3C52AD9791800029F4C /* Release */,
			);
			defaultConfigurationIsVisible = 0;
			defaultConfigurationName = Release;
		};
		4C5FD3C62AD9791800029F4C /* Build configuration list for PBXNativeTarget "usket.RandomUser" */ = {
			isa = XCConfigurationList;
			buildConfigurations = (
				4C5FD3C72AD9791800029F4C /* Debug */,
				4C5FD3C82AD9791800029F4C /* Release */,
			);
			defaultConfigurationIsVisible = 0;
			defaultConfigurationName = Release;
		};
		4C5FD3C92AD9791800029F4C /* Build configuration list for PBXNativeTarget "usket.RandomUserTests" */ = {
			isa = XCConfigurationList;
			buildConfigurations = (
				4C5FD3CA2AD9791800029F4C /* Debug */,
				4C5FD3CB2AD9791800029F4C /* Release */,
			);
			defaultConfigurationIsVisible = 0;
			defaultConfigurationName = Release;
		};
		4C5FD3CC2AD9791800029F4C /* Build configuration list for PBXNativeTarget "usket.RandomUserUITests" */ = {
			isa = XCConfigurationList;
			buildConfigurations = (
				4C5FD3CD2AD9791800029F4C /* Debug */,
				4C5FD3CE2AD9791800029F4C /* Release */,
			);
			defaultConfigurationIsVisible = 0;
			defaultConfigurationName = Release;
		};
/* End XCConfigurationList section */
	};
	rootObject = 4C5FD3942AD9791700029F4C /* Project object */;
}
